
Microsoft Visual Studio Solution File, Format Version 12.00
# Visual Studio Version 17
VisualStudioVersion = 17.3.32901.215
MinimumVisualStudioVersion = 10.0.40219.1
Project("{FAE04EC0-301F-11D3-BF4B-00C04F79EFBC}") = "Goals Site", "Goals Site.csproj", "{B0478AD1-A151-4CEE-B292-59F1483D09A0}"
EndProject
Global
	GlobalSection(SolutionConfigurationPlatforms) = preSolution
		Debug|Any CPU = Debug|Any CPU
		Release|Any CPU = Release|Any CPU
	EndGlobalSection
	GlobalSection(ProjectConfigurationPlatforms) = postSolution
		{B0478AD1-A151-4CEE-B292-59F1483D09A0}.Debug|Any CPU.ActiveCfg = Debug|Any CPU
		{B0478AD1-A151-4CEE-B292-59F1483D09A0}.Debug|Any CPU.Build.0 = Debug|Any CPU
		{B0478AD1-A151-4CEE-B292-59F1483D09A0}.Release|Any CPU.ActiveCfg = Release|Any CPU
		{B0478AD1-A151-4CEE-B292-59F1483D09A0}.Release|Any CPU.Build.0 = Release|Any CPU
	EndGlobalSection
	GlobalSection(SolutionProperties) = preSolution
		HideSolutionNode = FALSE
	EndGlobalSection
	GlobalSection(ExtensibilityGlobals) = postSolution
		SolutionGuid = {48FC20E5-1201-4679-8BA3-116FDBB71E0C}
	EndGlobalSection
EndGlobal
